{
  "pins" : [
    {
      "identity" : "alamofire",
      "kind" : "remoteSourceControl",
      "location" : "https://github.com/Alamofire/Alamofire.git",
      "state" : {
        "revision" : "63dfa86548c4e5d5c6fd6ed42f638e388cbce529",
        "version" : "5.6.0"
      }
    },
    {
      "identity" : "cocoalumberjack",
      "kind" : "remoteSourceControl",
      "location" : "https://github.com/CocoaLumberjack/CocoaLumberjack.git",
      "state" : {
        "revision" : "e518eb6e362df327574ba5e04269cd6d29f40aec",
        "version" : "3.7.2"
      }
    },
    {
      "identity" : "kingfisher",
      "kind" : "remoteSourceControl",
      "location" : "https://github.com/onevcat/Kingfisher",
      "state" : {
        "branch" : "master",
        "revision" : "bef0d09d2cab299fdeb2446de080df9f2b7dee91"
      }
    },
    {
      "identity" : "nuke",
      "kind" : "remoteSourceControl",
      "location" : "https://github.com/kean/Nuke",
      "state" : {
        "revision" : "6b0cda4ac8a5a8289afbacdb0cf428af2f3b9e30"
      }
    },
    {
      "identity" : "skeletonview",
      "kind" : "remoteSourceControl",
      "location" : "https://github.com/Juanpe/SkeletonView.git",
      "state" : {
        "revision" : "a819e69cee0630024f9b8544bb324436f2ee8229",
        "version" : "1.24.4"
      }
    },
    {
      "identity" : "swift-log",
      "kind" : "remoteSourceControl",
      "location" : "https://github.com/apple/swift-log.git",
      "state" : {
        "revision" : "5d66f7ba25daf4f94100e7022febf3c75e37a6c7",
        "version" : "1.4.2"
      }
    },
    {
      "identity" : "swift-snapshot-testing",
      "kind" : "remoteSourceControl",
      "location" : "https://github.com/pointfreeco/swift-snapshot-testing",
      "state" : {
        "revision" : "f8a9c997c3c1dab4e216a8ec9014e23144cbab37",
        "version" : "1.9.0"
      }
    }
  ],
  "version" : 2
}
